
Microsoft Visual Studio Solution File, Format Version 12.00
# Visual Studio Version 16
VisualStudioVersion = 16.0.29806.167
MinimumVisualStudioVersion = 10.0.40219.1
Project("{2150E333-8FDC-42A3-9474-1A3956D46DE8}") = "2. Blob", "2. Blob", "{073E1D7B-0090-4775-B36D-B87C2048B87B}"
EndProject
Project("{FAE04EC0-301F-11D3-BF4B-00C04F79EFBC}") = "BlobDemo1", "BlobDemo1\BlobDemo1.csproj", "{04DBA451-18A5-492C-8F47-5FDE1D1F2774}"
EndProject
Project("{2150E333-8FDC-42A3-9474-1A3956D46DE8}") = "Demo1", "Demo1", "{84D33669-5677-4115-8929-E884487557E1}"
	ProjectSection(SolutionItems) = preProject
		CreateStorageAccount.ps1 = CreateStorageAccount.ps1
	EndProjectSection
EndProject
Project("{2150E333-8FDC-42A3-9474-1A3956D46DE8}") = "Demo1", "Demo1", "{71AB74D5-11CD-4C46-87DD-0444D9F51A2D}"
EndProject
Project("{2150E333-8FDC-42A3-9474-1A3956D46DE8}") = "3. Queue", "3. Queue", "{1D7F73EC-7D5A-447B-AB3A-4E1377AC1985}"
	ProjectSection(SolutionItems) = preProject
		CreateQueuePS.ps1 = CreateQueuePS.ps1
	EndProjectSection
EndProject
Project("{2150E333-8FDC-42A3-9474-1A3956D46DE8}") = "1. StorageAccount", "1. StorageAccount", "{1BDAD0F8-BFB7-4AB0-BCB5-D98A9E654839}"
EndProject
Project("{2150E333-8FDC-42A3-9474-1A3956D46DE8}") = "Demo2", "Demo2", "{11B12932-C11A-4C2B-901C-C627CF25454F}"
	ProjectSection(SolutionItems) = preProject
		Instrucciones API.txt = Instrucciones API.txt
	EndProjectSection
EndProject
Project("{2150E333-8FDC-42A3-9474-1A3956D46DE8}") = "Demo3", "Demo3", "{354A75E7-8E73-4007-8E79-C00FC8FBC3C9}"
EndProject
Project("{FAE04EC0-301F-11D3-BF4B-00C04F79EFBC}") = "BlobMetadata", "BlobMetadata\BlobMetadata.csproj", "{47319E8D-81D5-46AF-9A00-37ADD7EDD371}"
EndProject
Project("{FAE04EC0-301F-11D3-BF4B-00C04F79EFBC}") = "QueueStorageDemo", "QueueStorageDemo\QueueStorageDemo.csproj", "{C98C03ED-8FED-4EB7-8C40-FD8F4F30B187}"
EndProject
Project("{2150E333-8FDC-42A3-9474-1A3956D46DE8}") = "Demo1", "Demo1", "{38A69E2B-67E0-4399-ADC3-213541585251}"
EndProject
Project("{2150E333-8FDC-42A3-9474-1A3956D46DE8}") = "Demo2", "Demo2", "{B778A58F-1746-4888-9469-C31F6E6A854C}"
EndProject
Project("{FAE04EC0-301F-11D3-BF4B-00C04F79EFBC}") = "DemoSendApp", "DemoSendApp\DemoSendApp.csproj", "{7913AACB-2885-4E47-BD93-6DC345C28903}"
EndProject
Project("{2150E333-8FDC-42A3-9474-1A3956D46DE8}") = "Demo3", "Demo3", "{0BD67FE1-3551-48E2-AA49-FBEE0A896C73}"
EndProject
Project("{FAE04EC0-301F-11D3-BF4B-00C04F79EFBC}") = "DemoRecieveApp", "DemoRecieveApp\DemoRecieveApp.csproj", "{8BA97DD7-C7B0-4A2E-842F-B8D5480E52BB}"
EndProject
Project("{2150E333-8FDC-42A3-9474-1A3956D46DE8}") = "Demo4", "Demo4", "{7354902D-670A-417A-8791-70BD070584DE}"
EndProject
Project("{FAE04EC0-301F-11D3-BF4B-00C04F79EFBC}") = "DemoChat", "DemoChat\DemoChat.csproj", "{7613C4FB-01E6-4113-A54E-872CB2749DE7}"
EndProject
Project("{2150E333-8FDC-42A3-9474-1A3956D46DE8}") = "4.Table", "4.Table", "{A9432212-22BD-4B4A-A63D-0101BB9DD937}"
EndProject
Project("{2150E333-8FDC-42A3-9474-1A3956D46DE8}") = "Demo1", "Demo1", "{40935CBA-AF48-44E5-ACFC-47509A16B97B}"
EndProject
Project("{FAE04EC0-301F-11D3-BF4B-00C04F79EFBC}") = "AzureTableStorage", "AzureTableStorage\AzureTableStorage.csproj", "{488F29B1-BF8C-405C-B8E8-20ABD56FDFE2}"
EndProject
Project("{2150E333-8FDC-42A3-9474-1A3956D46DE8}") = "Demo2", "Demo2", "{F14A3D92-EB0E-41E2-8412-8EF9A23103F6}"
EndProject
Project("{FAE04EC0-301F-11D3-BF4B-00C04F79EFBC}") = "CosmosDBDemo", "CosmosDBDemo\CosmosDBDemo.csproj", "{080BD6B2-2C54-4C07-B3FC-473C28C4A455}"
EndProject
Global
	GlobalSection(SolutionConfigurationPlatforms) = preSolution
		Debug|Any CPU = Debug|Any CPU
		Release|Any CPU = Release|Any CPU
	EndGlobalSection
	GlobalSection(ProjectConfigurationPlatforms) = postSolution
		{04DBA451-18A5-492C-8F47-5FDE1D1F2774}.Debug|Any CPU.ActiveCfg = Debug|Any CPU
		{04DBA451-18A5-492C-8F47-5FDE1D1F2774}.Debug|Any CPU.Build.0 = Debug|Any CPU
		{04DBA451-18A5-492C-8F47-5FDE1D1F2774}.Release|Any CPU.ActiveCfg = Release|Any CPU
		{04DBA451-18A5-492C-8F47-5FDE1D1F2774}.Release|Any CPU.Build.0 = Release|Any CPU
		{47319E8D-81D5-46AF-9A00-37ADD7EDD371}.Debug|Any CPU.ActiveCfg = Debug|Any CPU
		{47319E8D-81D5-46AF-9A00-37ADD7EDD371}.Debug|Any CPU.Build.0 = Debug|Any CPU
		{47319E8D-81D5-46AF-9A00-37ADD7EDD371}.Release|Any CPU.ActiveCfg = Release|Any CPU
		{47319E8D-81D5-46AF-9A00-37ADD7EDD371}.Release|Any CPU.Build.0 = Release|Any CPU
		{C98C03ED-8FED-4EB7-8C40-FD8F4F30B187}.Debug|Any CPU.ActiveCfg = Debug|Any CPU
		{C98C03ED-8FED-4EB7-8C40-FD8F4F30B187}.Debug|Any CPU.Build.0 = Debug|Any CPU
		{C98C03ED-8FED-4EB7-8C40-FD8F4F30B187}.Release|Any CPU.ActiveCfg = Release|Any CPU
		{C98C03ED-8FED-4EB7-8C40-FD8F4F30B187}.Release|Any CPU.Build.0 = Release|Any CPU
		{7913AACB-2885-4E47-BD93-6DC345C28903}.Debug|Any CPU.ActiveCfg = Debug|Any CPU
		{7913AACB-2885-4E47-BD93-6DC345C28903}.Debug|Any CPU.Build.0 = Debug|Any CPU
		{7913AACB-2885-4E47-BD93-6DC345C28903}.Release|Any CPU.ActiveCfg = Release|Any CPU
		{7913AACB-2885-4E47-BD93-6DC345C28903}.Release|Any CPU.Build.0 = Release|Any CPU
		{8BA97DD7-C7B0-4A2E-842F-B8D5480E52BB}.Debug|Any CPU.ActiveCfg = Debug|Any CPU
		{8BA97DD7-C7B0-4A2E-842F-B8D5480E52BB}.Debug|Any CPU.Build.0 = Debug|Any CPU
		{8BA97DD7-C7B0-4A2E-842F-B8D5480E52BB}.Release|Any CPU.ActiveCfg = Release|Any CPU
		{8BA97DD7-C7B0-4A2E-842F-B8D5480E52BB}.Release|Any CPU.Build.0 = Release|Any CPU
		{7613C4FB-01E6-4113-A54E-872CB2749DE7}.Debug|Any CPU.ActiveCfg = Debug|Any CPU
		{7613C4FB-01E6-4113-A54E-872CB2749DE7}.Debug|Any CPU.Build.0 = Debug|Any CPU
		{7613C4FB-01E6-4113-A54E-872CB2749DE7}.Release|Any CPU.ActiveCfg = Release|Any CPU
		{7613C4FB-01E6-4113-A54E-872CB2749DE7}.Release|Any CPU.Build.0 = Release|Any CPU
		{488F29B1-BF8C-405C-B8E8-20ABD56FDFE2}.Debug|Any CPU.ActiveCfg = Debug|Any CPU
		{488F29B1-BF8C-405C-B8E8-20ABD56FDFE2}.Debug|Any CPU.Build.0 = Debug|Any CPU
		{488F29B1-BF8C-405C-B8E8-20ABD56FDFE2}.Release|Any CPU.ActiveCfg = Release|Any CPU
		{488F29B1-BF8C-405C-B8E8-20ABD56FDFE2}.Release|Any CPU.Build.0 = Release|Any CPU
		{080BD6B2-2C54-4C07-B3FC-473C28C4A455}.Debug|Any CPU.ActiveCfg = Debug|Any CPU
		{080BD6B2-2C54-4C07-B3FC-473C28C4A455}.Debug|Any CPU.Build.0 = Debug|Any CPU
		{080BD6B2-2C54-4C07-B3FC-473C28C4A455}.Release|Any CPU.ActiveCfg = Release|Any CPU
		{080BD6B2-2C54-4C07-B3FC-473C28C4A455}.Release|Any CPU.Build.0 = Release|Any CPU
	EndGlobalSection
	GlobalSection(SolutionProperties) = preSolution
		HideSolutionNode = FALSE
	EndGlobalSection
	GlobalSection(NestedProjects) = preSolution
		{04DBA451-18A5-492C-8F47-5FDE1D1F2774} = {71AB74D5-11CD-4C46-87DD-0444D9F51A2D}
		{84D33669-5677-4115-8929-E884487557E1} = {1BDAD0F8-BFB7-4AB0-BCB5-D98A9E654839}
		{71AB74D5-11CD-4C46-87DD-0444D9F51A2D} = {073E1D7B-0090-4775-B36D-B87C2048B87B}
		{11B12932-C11A-4C2B-901C-C627CF25454F} = {073E1D7B-0090-4775-B36D-B87C2048B87B}
		{354A75E7-8E73-4007-8E79-C00FC8FBC3C9} = {073E1D7B-0090-4775-B36D-B87C2048B87B}
		{47319E8D-81D5-46AF-9A00-37ADD7EDD371} = {354A75E7-8E73-4007-8E79-C00FC8FBC3C9}
		{C98C03ED-8FED-4EB7-8C40-FD8F4F30B187} = {38A69E2B-67E0-4399-ADC3-213541585251}
		{38A69E2B-67E0-4399-ADC3-213541585251} = {1D7F73EC-7D5A-447B-AB3A-4E1377AC1985}
		{B778A58F-1746-4888-9469-C31F6E6A854C} = {1D7F73EC-7D5A-447B-AB3A-4E1377AC1985}
		{7913AACB-2885-4E47-BD93-6DC345C28903} = {B778A58F-1746-4888-9469-C31F6E6A854C}
		{0BD67FE1-3551-48E2-AA49-FBEE0A896C73} = {1D7F73EC-7D5A-447B-AB3A-4E1377AC1985}
		{8BA97DD7-C7B0-4A2E-842F-B8D5480E52BB} = {0BD67FE1-3551-48E2-AA49-FBEE0A896C73}
		{7354902D-670A-417A-8791-70BD070584DE} = {1D7F73EC-7D5A-447B-AB3A-4E1377AC1985}
		{7613C4FB-01E6-4113-A54E-872CB2749DE7} = {7354902D-670A-417A-8791-70BD070584DE}
		{40935CBA-AF48-44E5-ACFC-47509A16B97B} = {A9432212-22BD-4B4A-A63D-0101BB9DD937}
		{488F29B1-BF8C-405C-B8E8-20ABD56FDFE2} = {40935CBA-AF48-44E5-ACFC-47509A16B97B}
		{F14A3D92-EB0E-41E2-8412-8EF9A23103F6} = {A9432212-22BD-4B4A-A63D-0101BB9DD937}
		{080BD6B2-2C54-4C07-B3FC-473C28C4A455} = {F14A3D92-EB0E-41E2-8412-8EF9A23103F6}
	EndGlobalSection
	GlobalSection(ExtensibilityGlobals) = postSolution
		SolutionGuid = {CDB779E4-0611-4B21-A46B-6A6731E4858A}
	EndGlobalSection
EndGlobal
